
Microsoft Visual Studio Solution File, Format Version 12.00
# Visual Studio Version 17
VisualStudioVersion = 17.4.33213.308
MinimumVisualStudioVersion = 10.0.40219.1
Project("{9A19103F-16F7-4668-BE54-9A1E7A4F7556}") = "Game.Server", "Game.Server\Game.Server.csproj", "{D1279C82-E4F2-45EE-A447-277600AAE138}"
EndProject
Project("{9A19103F-16F7-4668-BE54-9A1E7A4F7556}") = "Game.Client", "Game.Client\Game.Client.csproj", "{86B07CFD-D7EF-4359-BF98-AFEE31264B2F}"
EndProject
Global
	GlobalSection(SolutionConfigurationPlatforms) = preSolution
		Debug|Any CPU = Debug|Any CPU
		Release|Any CPU = Release|Any CPU
	EndGlobalSection
	GlobalSection(ProjectConfigurationPlatforms) = postSolution
		{D1279C82-E4F2-45EE-A447-277600AAE138}.Debug|Any CPU.ActiveCfg = Debug|Any CPU
		{D1279C82-E4F2-45EE-A447-277600AAE138}.Debug|Any CPU.Build.0 = Debug|Any CPU
		{D1279C82-E4F2-45EE-A447-277600AAE138}.Release|Any CPU.ActiveCfg = Release|Any CPU
		{D1279C82-E4F2-45EE-A447-277600AAE138}.Release|Any CPU.Build.0 = Release|Any CPU
		{86B07CFD-D7EF-4359-BF98-AFEE31264B2F}.Debug|Any CPU.ActiveCfg = Debug|Any CPU
		{86B07CFD-D7EF-4359-BF98-AFEE31264B2F}.Debug|Any CPU.Build.0 = Debug|Any CPU
		{86B07CFD-D7EF-4359-BF98-AFEE31264B2F}.Release|Any CPU.ActiveCfg = Release|Any CPU
		{86B07CFD-D7EF-4359-BF98-AFEE31264B2F}.Release|Any CPU.Build.0 = Release|Any CPU
	EndGlobalSection
	GlobalSection(SolutionProperties) = preSolution
		HideSolutionNode = FALSE
	EndGlobalSection
	GlobalSection(ExtensibilityGlobals) = postSolution
		SolutionGuid = {386FC53D-6A01-4511-A52F-FBEAEA858A68}
	EndGlobalSection
EndGlobal
